
Microsoft Visual Studio Solution File, Format Version 12.00
Project("{2150E333-8FDC-42A3-9474-1A3956D46DE8}") = "Core", "Core", "{5B30C5A8-6668-4E98-A3A4-8BDEEA558200}"
EndProject
Project("{2150E333-8FDC-42A3-9474-1A3956D46DE8}") = "Infrastructure", "Infrastructure", "{7D110D90-0633-45BB-98F5-381E1849FD80}"
EndProject
Project("{2150E333-8FDC-42A3-9474-1A3956D46DE8}") = "Tests", "Tests", "{07CE20AC-59BE-4C20-B1E1-5A0230E7B855}"
EndProject
Project("{2150E333-8FDC-42A3-9474-1A3956D46DE8}") = "Presentation", "Presentation", "{7F035FFD-9C6C-4FF1-BBC5-6F1D1B383582}"
EndProject
Project("{FAE04EC0-301F-11D3-BF4B-00C04F79EFBC}") = "Notes.Domain", "Notes.Domain\Notes.Domain.csproj", "{E021FAD0-B5B5-48EB-BD81-BD80B56FB989}"
EndProject
Project("{FAE04EC0-301F-11D3-BF4B-00C04F79EFBC}") = "Notes.Application", "Notes.Application\Notes.Application.csproj", "{38E251C9-3178-4DEC-93B5-195636247362}"
EndProject
Project("{FAE04EC0-301F-11D3-BF4B-00C04F79EFBC}") = "Notes.Persistence", "Notes.Persistence\Notes.Persistence.csproj", "{9CFE1757-4990-4742-A169-550A7A71BB4B}"
EndProject
Project("{FAE04EC0-301F-11D3-BF4B-00C04F79EFBC}") = "Notes.WebApi", "Notes.WebApi\Notes.WebApi.csproj", "{EB7C658E-BBE8-4D0B-AF12-D232E42C1FAA}"
EndProject
Project("{FAE04EC0-301F-11D3-BF4B-00C04F79EFBC}") = "Notes.Tests", "Notes.Tests\Notes.Tests.csproj", "{77480843-2C64-4586-800F-88AF215195A7}"
EndProject
Global
	GlobalSection(SolutionConfigurationPlatforms) = preSolution
		Debug|Any CPU = Debug|Any CPU
		Release|Any CPU = Release|Any CPU
	EndGlobalSection
	GlobalSection(NestedProjects) = preSolution
		{E021FAD0-B5B5-48EB-BD81-BD80B56FB989} = {5B30C5A8-6668-4E98-A3A4-8BDEEA558200}
		{38E251C9-3178-4DEC-93B5-195636247362} = {5B30C5A8-6668-4E98-A3A4-8BDEEA558200}
		{9CFE1757-4990-4742-A169-550A7A71BB4B} = {7D110D90-0633-45BB-98F5-381E1849FD80}
		{EB7C658E-BBE8-4D0B-AF12-D232E42C1FAA} = {7F035FFD-9C6C-4FF1-BBC5-6F1D1B383582}
		{77480843-2C64-4586-800F-88AF215195A7} = {07CE20AC-59BE-4C20-B1E1-5A0230E7B855}
	EndGlobalSection
	GlobalSection(ProjectConfigurationPlatforms) = postSolution
		{E021FAD0-B5B5-48EB-BD81-BD80B56FB989}.Debug|Any CPU.ActiveCfg = Debug|Any CPU
		{E021FAD0-B5B5-48EB-BD81-BD80B56FB989}.Debug|Any CPU.Build.0 = Debug|Any CPU
		{E021FAD0-B5B5-48EB-BD81-BD80B56FB989}.Release|Any CPU.ActiveCfg = Release|Any CPU
		{E021FAD0-B5B5-48EB-BD81-BD80B56FB989}.Release|Any CPU.Build.0 = Release|Any CPU
		{38E251C9-3178-4DEC-93B5-195636247362}.Debug|Any CPU.ActiveCfg = Debug|Any CPU
		{38E251C9-3178-4DEC-93B5-195636247362}.Debug|Any CPU.Build.0 = Debug|Any CPU
		{38E251C9-3178-4DEC-93B5-195636247362}.Release|Any CPU.ActiveCfg = Release|Any CPU
		{38E251C9-3178-4DEC-93B5-195636247362}.Release|Any CPU.Build.0 = Release|Any CPU
		{9CFE1757-4990-4742-A169-550A7A71BB4B}.Debug|Any CPU.ActiveCfg = Debug|Any CPU
		{9CFE1757-4990-4742-A169-550A7A71BB4B}.Debug|Any CPU.Build.0 = Debug|Any CPU
		{9CFE1757-4990-4742-A169-550A7A71BB4B}.Release|Any CPU.ActiveCfg = Release|Any CPU
		{9CFE1757-4990-4742-A169-550A7A71BB4B}.Release|Any CPU.Build.0 = Release|Any CPU
		{EB7C658E-BBE8-4D0B-AF12-D232E42C1FAA}.Debug|Any CPU.ActiveCfg = Debug|Any CPU
		{EB7C658E-BBE8-4D0B-AF12-D232E42C1FAA}.Debug|Any CPU.Build.0 = Debug|Any CPU
		{EB7C658E-BBE8-4D0B-AF12-D232E42C1FAA}.Release|Any CPU.ActiveCfg = Release|Any CPU
		{EB7C658E-BBE8-4D0B-AF12-D232E42C1FAA}.Release|Any CPU.Build.0 = Release|Any CPU
		{77480843-2C64-4586-800F-88AF215195A7}.Debug|Any CPU.ActiveCfg = Debug|Any CPU
		{77480843-2C64-4586-800F-88AF215195A7}.Debug|Any CPU.Build.0 = Debug|Any CPU
		{77480843-2C64-4586-800F-88AF215195A7}.Release|Any CPU.ActiveCfg = Release|Any CPU
		{77480843-2C64-4586-800F-88AF215195A7}.Release|Any CPU.Build.0 = Release|Any CPU
	EndGlobalSection
EndGlobal
